schema: '2.0'
stages:
  stage_01:
    cmd: python stage_01.py
    deps:
    - path: stage_01.py
      hash: md5
      md5: 57a31d8c560cfe8fa91d85d4ecd69ee8
      size: 88
    outs:
    - path: artifact.txt
      hash: md5
      md5: 1e3397043fcb810f90e2e1e6e58edf85
      size: 34
  stage_02:
    cmd: python stage_02.py
    deps:
    - path: artifact.txt
      hash: md5
      md5: 1e3397043fcb810f90e2e1e6e58edf85
      size: 34
    - path: stage_02.py
      hash: md5
      md5: fa14bfc573e748f30c37da9019b85132
      size: 142
  stage_03:
    cmd: python stage_03.py
    deps:
    - path: artifact.txt
      hash: md5
      md5: 2fed3d749f79989d735e7e87ae611c26
      size: 55
    - path: stage_03.py
      hash: md5
      md5: dc8c1245caa56f3bec112a7ea3952e4a
      size: 203
